
Microsoft Visual Studio Solution File, Format Version 12.00
# Visual Studio 2017
Project("{FAE04EC0-301F-11D3-BF4B-00C04F79EFBC}") = "HoloBooks", "HoloBooks.csproj", "{452869E9-1710-FAE6-4230-B7FBEDA124D3}"
EndProject
Project("{FAE04EC0-301F-11D3-BF4B-00C04F79EFBC}") = "HoloBooks.Editor", "HoloBooks.Editor.csproj", "{C77F74FE-54FF-8A9F-E6B0-C6369F973456}"
EndProject
Global
	GlobalSection(SolutionConfigurationPlatforms) = preSolution
		Debug|Any CPU = Debug|Any CPU
		Release|Any CPU = Release|Any CPU
	EndGlobalSection
	GlobalSection(ProjectConfigurationPlatforms) = postSolution
		{452869E9-1710-FAE6-4230-B7FBEDA124D3}.Debug|Any CPU.ActiveCfg = Debug|Any CPU
		{452869E9-1710-FAE6-4230-B7FBEDA124D3}.Debug|Any CPU.Build.0 = Debug|Any CPU
		{452869E9-1710-FAE6-4230-B7FBEDA124D3}.Release|Any CPU.ActiveCfg = Release|Any CPU
		{452869E9-1710-FAE6-4230-B7FBEDA124D3}.Release|Any CPU.Build.0 = Release|Any CPU
		{C77F74FE-54FF-8A9F-E6B0-C6369F973456}.Debug|Any CPU.ActiveCfg = Debug|Any CPU
		{C77F74FE-54FF-8A9F-E6B0-C6369F973456}.Debug|Any CPU.Build.0 = Debug|Any CPU
		{C77F74FE-54FF-8A9F-E6B0-C6369F973456}.Release|Any CPU.ActiveCfg = Release|Any CPU
		{C77F74FE-54FF-8A9F-E6B0-C6369F973456}.Release|Any CPU.Build.0 = Release|Any CPU
	EndGlobalSection
	GlobalSection(SolutionProperties) = preSolution
		HideSolutionNode = FALSE
	EndGlobalSection
EndGlobal
